{
  "name": "testbotosu",
  "version": "1.0.0",
  "lockfileVersion": 2,
  "requires": true,
  "packages": {
    "": {
      "name": "testbotosu",
      "version": "1.0.0",
      "license": "ISC",
      "dependencies": {
        "bancho.js": "^0.9.7",
        "dateformat": "^4.5.1"
      },
      "devDependencies": {
        "@types/node": "^14.14.34"
      }
    },
    "node_modules/@types/node": {
      "version": "14.14.34",
      "resolved": "https://registry.npmjs.org/@types/node/-/node-14.14.34.tgz",
      "integrity": "sha512-dBPaxocOK6UVyvhbnpFIj2W+S+1cBTkHQbFQfeeJhoKFbzYcVUGHvddeWPSucKATb3F0+pgDq0i6ghEaZjsugA==",
      "dev": true
    },
    "node_modules/bancho.js": {
      "version": "0.9.7",
      "resolved": "https://registry.npmjs.org/bancho.js/-/bancho.js-0.9.7.tgz",
      "integrity": "sha512-0W08wnmzWWg+Pyqi2RSrPFrrYJcj8zZNRnrTSUZunxnQOXRQavx9bdZXEe6uF4l3WShzoo8aeYjrZrgZnvdcHg==",
      "dependencies": {
        "nodesu": "^0.7.2"
      }
    },
    "node_modules/dateformat": {
      "version": "4.5.1",
      "resolved": "https://registry.npmjs.org/dateformat/-/dateformat-4.5.1.tgz",
      "integrity": "sha512-OD0TZ+B7yP7ZgpJf5K2DIbj3FZvFvxgFUuaqA/V5zTjAtAAXZ1E8bktHxmAGs4x5b7PflqA9LeQ84Og7wYtF7Q==",
      "engines": {
        "node": "*"
      }
    },
    "node_modules/limiter": {
      "version": "1.1.5",
      "resolved": "https://registry.npmjs.org/limiter/-/limiter-1.1.5.tgz",
      "integrity": "sha512-FWWMIEOxz3GwUI4Ts/IvgVy6LPvoMPgjMdQ185nN6psJyBJ4yOpzqm695/h5umdLJg2vW3GR5iG11MAkR2AzJA=="
    },
    "node_modules/nodesu": {
      "version": "0.7.2",
      "resolved": "https://registry.npmjs.org/nodesu/-/nodesu-0.7.2.tgz",
      "integrity": "sha512-RF7jzM51vyd8ocArfmnnqqlCz/XS7EujSrdL+N/685XWwSN1nhUZxrgxLZ260CMrX03ThoAaMAH2pqQZOt1EbA==",
      "dependencies": {
        "limiter": "^1.1.0"
      },
      "engines": {
        "node": ">=4.0.0"
      }
    }
  },
  "dependencies": {
    "@types/node": {
      "version": "14.14.34",
      "resolved": "https://registry.npmjs.org/@types/node/-/node-14.14.34.tgz",
      "integrity": "sha512-dBPaxocOK6UVyvhbnpFIj2W+S+1cBTkHQbFQfeeJhoKFbzYcVUGHvddeWPSucKATb3F0+pgDq0i6ghEaZjsugA==",
      "dev": true
    },
    "bancho.js": {
      "version": "0.9.7",
      "resolved": "https://registry.npmjs.org/bancho.js/-/bancho.js-0.9.7.tgz",
      "integrity": "sha512-0W08wnmzWWg+Pyqi2RSrPFrrYJcj8zZNRnrTSUZunxnQOXRQavx9bdZXEe6uF4l3WShzoo8aeYjrZrgZnvdcHg==",
      "requires": {
        "nodesu": "^0.7.2"
      }
    },
    "dateformat": {
      "version": "4.5.1",
      "resolved": "https://registry.npmjs.org/dateformat/-/dateformat-4.5.1.tgz",
      "integrity": "sha512-OD0TZ+B7yP7ZgpJf5K2DIbj3FZvFvxgFUuaqA/V5zTjAtAAXZ1E8bktHxmAGs4x5b7PflqA9LeQ84Og7wYtF7Q=="
    },
    "limiter": {
      "version": "1.1.5",
      "resolved": "https://registry.npmjs.org/limiter/-/limiter-1.1.5.tgz",
      "integrity": "sha512-FWWMIEOxz3GwUI4Ts/IvgVy6LPvoMPgjMdQ185nN6psJyBJ4yOpzqm695/h5umdLJg2vW3GR5iG11MAkR2AzJA=="
    },
    "nodesu": {
      "version": "0.7.2",
      "resolved": "https://registry.npmjs.org/nodesu/-/nodesu-0.7.2.tgz",
      "integrity": "sha512-RF7jzM51vyd8ocArfmnnqqlCz/XS7EujSrdL+N/685XWwSN1nhUZxrgxLZ260CMrX03ThoAaMAH2pqQZOt1EbA==",
      "requires": {
        "limiter": "^1.1.0"
      }
    }
  }
}
